
Microsoft Visual Studio Solution File, Format Version 12.00
# Visual Studio Version 17
VisualStudioVersion = 17.1.32421.90
MinimumVisualStudioVersion = 10.0.40219.1
Project("{F184B08F-C81C-45F6-A57F-5ABD9991F28F}") = "Kalkulacka_EP1A-B", "Kalkulacka_EP1A-B\Kalkulacka_EP1A-B.vbproj", "{0E58351C-42D0-4AC3-B400-DCC182C6B321}"
EndProject
Global
	GlobalSection(SolutionConfigurationPlatforms) = preSolution
		Debug|Any CPU = Debug|Any CPU
		Release|Any CPU = Release|Any CPU
	EndGlobalSection
	GlobalSection(ProjectConfigurationPlatforms) = postSolution
		{0E58351C-42D0-4AC3-B400-DCC182C6B321}.Debug|Any CPU.ActiveCfg = Debug|Any CPU
		{0E58351C-42D0-4AC3-B400-DCC182C6B321}.Debug|Any CPU.Build.0 = Debug|Any CPU
		{0E58351C-42D0-4AC3-B400-DCC182C6B321}.Release|Any CPU.ActiveCfg = Release|Any CPU
		{0E58351C-42D0-4AC3-B400-DCC182C6B321}.Release|Any CPU.Build.0 = Release|Any CPU
	EndGlobalSection
	GlobalSection(SolutionProperties) = preSolution
		HideSolutionNode = FALSE
	EndGlobalSection
	GlobalSection(ExtensibilityGlobals) = postSolution
		SolutionGuid = {47BBCE1B-45B6-427D-B109-0C10E9AD9081}
	EndGlobalSection
EndGlobal
